# THIS IS AN AUTOGENERATED FILE. DO NOT EDIT THIS FILE DIRECTLY.
# yarn lockfile v1


"@types/chai@^4.3.12":
  version "4.3.12"
  resolved "https://registry.yarnpkg.com/@types/chai/-/chai-4.3.12.tgz#b192fe1c553b54f45d20543adc2ab88455a07d5e"
  integrity sha512-zNKDHG/1yxm8Il6uCCVsm+dRdEsJlFoDu73X17y09bId6UwoYww+vFBsAcRzl8knM1sab3Dp1VRikFQwDOtDDw==

assertion-error@^2.0.1:
  version "2.0.1"
  resolved "https://registry.yarnpkg.com/assertion-error/-/assertion-error-2.0.1.tgz#f641a196b335690b1070bf00b6e7593fec190bf7"
  integrity sha512-Izi8RQcffqCeNVgFigKli1ssklIbpHnCYc6AknXGYoB6grJqyeby7jv12JUQgmTAnIDnbck1uxksT4dzN3PWBA==

chai-exclude@^2.1.0:
  version "2.1.0"
  resolved "https://registry.yarnpkg.com/chai-exclude/-/chai-exclude-2.1.0.tgz#653d1218144eafb49b563684ad90b76d12bbc3f9"
  integrity sha512-IBnm50Mvl3O1YhPpTgbU8MK0Gw7NHcb18WT2TxGdPKOMtdtZVKLHmQwdvOF7mTlHVQStbXuZKFwkevFtbHjpVg==
  dependencies:
    fclone "^1.0.11"

chai@^5.1.0:
  version "5.1.0"
  resolved "https://registry.yarnpkg.com/chai/-/chai-5.1.0.tgz#648cf2d8b5d16f32646612e22ffd12dc617ef960"
  integrity sha512-kDZ7MZyM6Q1DhR9jy7dalKohXQ2yrlXkk59CR52aRKxJrobmlBNqnFQxX9xOX8w+4mz8SYlKJa/7D7ddltFXCw==
  dependencies:
    assertion-error "^2.0.1"
    check-error "^2.0.0"
    deep-eql "^5.0.1"
    loupe "^3.1.0"
    pathval "^2.0.0"

check-error@^2.0.0:
  version "2.0.0"
  resolved "https://registry.yarnpkg.com/check-error/-/check-error-2.0.0.tgz#589a4f201b6256fd93a2d165089fe43d2676d8c6"
  integrity sha512-tjLAOBHKVxtPoHe/SA7kNOMvhCRdCJ3vETdeY0RuAc9popf+hyaSV6ZEg9hr4cpWF7jmo/JSWEnLDrnijS9Tog==

deep-eql@^5.0.1:
  version "5.0.1"
  resolved "https://registry.yarnpkg.com/deep-eql/-/deep-eql-5.0.1.tgz#21ea2c0d561a4d08cdd99c417ac584e0fb121385"
  integrity sha512-nwQCf6ne2gez3o1MxWifqkciwt0zhl0LO1/UwVu4uMBuPmflWM4oQ70XMqHqnBJA+nhzncaqL9HVL6KkHJ28lw==

fclone@^1.0.11:
  version "1.0.11"
  resolved "https://registry.yarnpkg.com/fclone/-/fclone-1.0.11.tgz#10e85da38bfea7fc599341c296ee1d77266ee640"
  integrity sha512-GDqVQezKzRABdeqflsgMr7ktzgF9CyS+p2oe0jJqUY6izSSbhPIQJDpoU4PtGcD7VPM9xh/dVrTu6z1nwgmEGw==

get-func-name@^2.0.1:
  version "2.0.2"
  resolved "https://registry.yarnpkg.com/get-func-name/-/get-func-name-2.0.2.tgz#0d7cf20cd13fda808669ffa88f4ffc7a3943fc41"
  integrity sha512-8vXOvuE167CtIc3OyItco7N/dpRtBbYOsPsXCz7X/PMnlGjYjSGuZJgM1Y7mmew7BKf9BqvLX2tnOVy1BBUsxQ==

loupe@^3.1.0:
  version "3.1.0"
  resolved "https://registry.yarnpkg.com/loupe/-/loupe-3.1.0.tgz#46ef1a4ffee73145f5c0a627536d754787c1ea2a"
  integrity sha512-qKl+FrLXUhFuHUoDJG7f8P8gEMHq9NFS0c6ghXG1J0rldmZFQZoNVv/vyirE9qwCIhWZDsvEFd1sbFu3GvRQFg==
  dependencies:
    get-func-name "^2.0.1"

pathval@^2.0.0:
  version "2.0.0"
  resolved "https://registry.yarnpkg.com/pathval/-/pathval-2.0.0.tgz#7e2550b422601d4f6b8e26f1301bc8f15a741a25"
  integrity sha512-vE7JKRyES09KiunauX7nd2Q9/L7lhok4smP9RZTDeD4MVs72Dp2qNFVz39Nz5a0FVEW0BJR6C0DYrq6unoziZA==

prettier@^3.1.0:
  version "3.1.0"
  resolved "https://registry.yarnpkg.com/prettier/-/prettier-3.1.0.tgz#c6d16474a5f764ea1a4a373c593b779697744d5e"
  integrity sha512-TQLvXjq5IAibjh8EpBIkNKxO749UEWABoiIZehEPiY4GNpVdhaFKqSTu+QrlU6D2dPAfubRmtJTi4K4YkQ5eXw==
